
Microsoft Visual Studio Solution File, Format Version 12.00
# Visual Studio 15
VisualStudioVersion = 15.0.26430.14
MinimumVisualStudioVersion = 10.0.40219.1
Project("{FAE04EC0-301F-11D3-BF4B-00C04F79EFBC}") = "GridViewCellFormatting", "GridViewCellFormatting\GridViewCellFormatting.csproj", "{48FF1AF9-F015-494C-960C-0F67F2E58158}"
EndProject
Global
	GlobalSection(SolutionConfigurationPlatforms) = preSolution
		Debug|Any CPU = Debug|Any CPU
		Release|Any CPU = Release|Any CPU
	EndGlobalSection
	GlobalSection(ProjectConfigurationPlatforms) = postSolution
		{48FF1AF9-F015-494C-960C-0F67F2E58158}.Debug|Any CPU.ActiveCfg = Debug|Any CPU
		{48FF1AF9-F015-494C-960C-0F67F2E58158}.Debug|Any CPU.Build.0 = Debug|Any CPU
		{48FF1AF9-F015-494C-960C-0F67F2E58158}.Release|Any CPU.ActiveCfg = Release|Any CPU
		{48FF1AF9-F015-494C-960C-0F67F2E58158}.Release|Any CPU.Build.0 = Release|Any CPU
	EndGlobalSection
	GlobalSection(SolutionProperties) = preSolution
		HideSolutionNode = FALSE
	EndGlobalSection
EndGlobal
